
Microsoft Visual Studio Solution File, Format Version 12.00
# Visual Studio 15
VisualStudioVersion = 15.0.28307.168
MinimumVisualStudioVersion = 10.0.40219.1
Project("{FAE04EC0-301F-11D3-BF4B-00C04F79EFBC}") = "BetaFast", "BetaFast\BetaFast.csproj", "{87C3911F-7D4D-486D-B777-639BCB04F6A3}"
EndProject
Global
	GlobalSection(SolutionConfigurationPlatforms) = preSolution
		Debug|Any CPU = Debug|Any CPU
		Release|Any CPU = Release|Any CPU
	EndGlobalSection
	GlobalSection(ProjectConfigurationPlatforms) = postSolution
		{87C3911F-7D4D-486D-B777-639BCB04F6A3}.Debug|Any CPU.ActiveCfg = Debug|Any CPU
		{87C3911F-7D4D-486D-B777-639BCB04F6A3}.Debug|Any CPU.Build.0 = Debug|Any CPU
		{87C3911F-7D4D-486D-B777-639BCB04F6A3}.Release|Any CPU.ActiveCfg = Release|Any CPU
		{87C3911F-7D4D-486D-B777-639BCB04F6A3}.Release|Any CPU.Build.0 = Release|Any CPU
	EndGlobalSection
	GlobalSection(SolutionProperties) = preSolution
		HideSolutionNode = FALSE
	EndGlobalSection
	GlobalSection(ExtensibilityGlobals) = postSolution
		SolutionGuid = {5D78A636-462C-448C-956E-C6787A48FF1A}
	EndGlobalSection
EndGlobal
